{
  "name": "flask-restplus",
  "version": "0.10.1",
  "lockfileVersion": 2,
  "requires": true,
  "packages": {
    "": {
      "name": "flask-restplus",
      "version": "0.10.1",
      "license": "BSD-3-Clause",
      "dependencies": {
        "swagger-ui-dist": "^3.4.0",
        "typeface-droid-sans": "0.0.40"
      }
    },
    "node_modules/swagger-ui-dist": {
      "version": "3.52.5",
      "resolved": "https://registry.npmjs.org/swagger-ui-dist/-/swagger-ui-dist-3.52.5.tgz",
      "integrity": "sha512-8z18eX8G/jbTXYzyNIaobrnD7PSN7yU/YkSasMmajrXtw0FGS64XjrKn5v37d36qmU3o1xLeuYnktshRr7uIFw=="
    },
    "node_modules/typeface-droid-sans": {
      "version": "0.0.40",
      "resolved": "https://registry.npmjs.org/typeface-droid-sans/-/typeface-droid-sans-0.0.40.tgz",
      "integrity": "sha512-ZXfoQ5WJ+iSbF4bXo+4QlbOCOcgAZL65tfRTN095W5mUAgpbu0gRVN5JEA4W5VvPoGaxg/VUlBim84nZeeIm0Q=="
    }
  },
  "dependencies": {
    "swagger-ui-dist": {
      "version": "3.52.5",
      "resolved": "https://registry.npmjs.org/swagger-ui-dist/-/swagger-ui-dist-3.52.5.tgz",
      "integrity": "sha512-8z18eX8G/jbTXYzyNIaobrnD7PSN7yU/YkSasMmajrXtw0FGS64XjrKn5v37d36qmU3o1xLeuYnktshRr7uIFw=="
    },
    "typeface-droid-sans": {
      "version": "0.0.40",
      "resolved": "https://registry.npmjs.org/typeface-droid-sans/-/typeface-droid-sans-0.0.40.tgz",
      "integrity": "sha512-ZXfoQ5WJ+iSbF4bXo+4QlbOCOcgAZL65tfRTN095W5mUAgpbu0gRVN5JEA4W5VvPoGaxg/VUlBim84nZeeIm0Q=="
    }
  }
}
